
Microsoft Visual Studio Solution File, Format Version 12.00
# Visual Studio 15
VisualStudioVersion = 15.0.27703.2000
MinimumVisualStudioVersion = 10.0.40219.1
Project("{FAE04EC0-301F-11D3-BF4B-00C04F79EFBC}") = "Lab_02_2", "Lab_02_2\Lab_02_2.csproj", "{D5F86A35-8E7C-4EB1-A0B6-3E6F8B642286}"
EndProject
Global
	GlobalSection(SolutionConfigurationPlatforms) = preSolution
		Debug|Any CPU = Debug|Any CPU
		Release|Any CPU = Release|Any CPU
	EndGlobalSection
	GlobalSection(ProjectConfigurationPlatforms) = postSolution
		{D5F86A35-8E7C-4EB1-A0B6-3E6F8B642286}.Debug|Any CPU.ActiveCfg = Debug|Any CPU
		{D5F86A35-8E7C-4EB1-A0B6-3E6F8B642286}.Debug|Any CPU.Build.0 = Debug|Any CPU
		{D5F86A35-8E7C-4EB1-A0B6-3E6F8B642286}.Release|Any CPU.ActiveCfg = Release|Any CPU
		{D5F86A35-8E7C-4EB1-A0B6-3E6F8B642286}.Release|Any CPU.Build.0 = Release|Any CPU
	EndGlobalSection
	GlobalSection(SolutionProperties) = preSolution
		HideSolutionNode = FALSE
	EndGlobalSection
	GlobalSection(ExtensibilityGlobals) = postSolution
		SolutionGuid = {3B17337C-9768-46CE-81C6-66BB1113B398}
	EndGlobalSection
EndGlobal
