
Microsoft Visual Studio Solution File, Format Version 12.00
# Visual Studio 2012
Project("{FAE04EC0-301F-11D3-BF4B-00C04F79EFBC}") = "MediaCatalog", "MediaCatalog\MediaCatalog.csproj", "{230BE87F-5164-44DA-9B46-FF6DEEF9E3E5}"
EndProject
Global
	GlobalSection(SolutionConfigurationPlatforms) = preSolution
		Debug|Any CPU = Debug|Any CPU
		Release|Any CPU = Release|Any CPU
	EndGlobalSection
	GlobalSection(ProjectConfigurationPlatforms) = postSolution
		{230BE87F-5164-44DA-9B46-FF6DEEF9E3E5}.Debug|Any CPU.ActiveCfg = Debug|Any CPU
		{230BE87F-5164-44DA-9B46-FF6DEEF9E3E5}.Debug|Any CPU.Build.0 = Debug|Any CPU
		{230BE87F-5164-44DA-9B46-FF6DEEF9E3E5}.Release|Any CPU.ActiveCfg = Release|Any CPU
		{230BE87F-5164-44DA-9B46-FF6DEEF9E3E5}.Release|Any CPU.Build.0 = Release|Any CPU
	EndGlobalSection
EndGlobal
