
Microsoft Visual Studio Solution File, Format Version 12.00
# Visual Studio 2012
Project("{FAE04EC0-301F-11D3-BF4B-00C04F79EFBC}") = "MvcMovie", "MvcMovie\MvcMovie.csproj", "{FDDDB05F-CF96-47B8-99BA-4D33994EDEAB}"
EndProject
Global
	GlobalSection(SolutionConfigurationPlatforms) = preSolution
		Debug|Any CPU = Debug|Any CPU
		Release|Any CPU = Release|Any CPU
	EndGlobalSection
	GlobalSection(ProjectConfigurationPlatforms) = postSolution
		{FDDDB05F-CF96-47B8-99BA-4D33994EDEAB}.Debug|Any CPU.ActiveCfg = Debug|Any CPU
		{FDDDB05F-CF96-47B8-99BA-4D33994EDEAB}.Debug|Any CPU.Build.0 = Debug|Any CPU
		{FDDDB05F-CF96-47B8-99BA-4D33994EDEAB}.Release|Any CPU.ActiveCfg = Release|Any CPU
		{FDDDB05F-CF96-47B8-99BA-4D33994EDEAB}.Release|Any CPU.Build.0 = Release|Any CPU
	EndGlobalSection
EndGlobal
